
Microsoft Visual Studio Solution File, Format Version 12.00
# Visual Studio 2012
Project("{FAE04EC0-301F-11D3-BF4B-00C04F79EFBC}") = "Planetion", "Planetion\Planetion.csproj", "{20DD0B48-EE6C-4168-A5F2-6091A271B7FD}"
EndProject
Project("{FAE04EC0-301F-11D3-BF4B-00C04F79EFBC}") = "Demo", "Game\Demo.csproj", "{08967B47-5C02-49DA-BF84-AE6BC9133553}"
EndProject
Project("{FAE04EC0-301F-11D3-BF4B-00C04F79EFBC}") = "AndroidBootstrap", "AndroidBootstrap\AndroidBootstrap.csproj", "{C5375794-B74A-4503-BFD6-4DE03AE48557}"
EndProject
Project("{FAE04EC0-301F-11D3-BF4B-00C04F79EFBC}") = "Jitter", "Jitter\Jitter.csproj", "{AA03EF1A-94F7-4D30-AB14-2092863FF923}"
EndProject
Global
	GlobalSection(SolutionConfigurationPlatforms) = preSolution
		Android - Debug|Any CPU = Android - Debug|Any CPU
		Android - Release|Any CPU = Android - Release|Any CPU
		PC - Debug|Any CPU = PC - Debug|Any CPU
		PC - Release|Any CPU = PC - Release|Any CPU
	EndGlobalSection
	GlobalSection(ProjectConfigurationPlatforms) = postSolution
		{20DD0B48-EE6C-4168-A5F2-6091A271B7FD}.Android - Debug|Any CPU.ActiveCfg = Android - Debug|Any CPU
		{20DD0B48-EE6C-4168-A5F2-6091A271B7FD}.Android - Debug|Any CPU.Build.0 = Android - Debug|Any CPU
		{20DD0B48-EE6C-4168-A5F2-6091A271B7FD}.Android - Release|Any CPU.ActiveCfg = Android - Release|Any CPU
		{20DD0B48-EE6C-4168-A5F2-6091A271B7FD}.Android - Release|Any CPU.Build.0 = Android - Release|Any CPU
		{20DD0B48-EE6C-4168-A5F2-6091A271B7FD}.PC - Debug|Any CPU.ActiveCfg = PC - Debug|Any CPU
		{20DD0B48-EE6C-4168-A5F2-6091A271B7FD}.PC - Debug|Any CPU.Build.0 = PC - Debug|Any CPU
		{20DD0B48-EE6C-4168-A5F2-6091A271B7FD}.PC - Release|Any CPU.ActiveCfg = PC - Release|Any CPU
		{20DD0B48-EE6C-4168-A5F2-6091A271B7FD}.PC - Release|Any CPU.Build.0 = PC - Release|Any CPU
		{08967B47-5C02-49DA-BF84-AE6BC9133553}.Android - Debug|Any CPU.ActiveCfg = Android - Debug|Any CPU
		{08967B47-5C02-49DA-BF84-AE6BC9133553}.Android - Debug|Any CPU.Build.0 = Android - Debug|Any CPU
		{08967B47-5C02-49DA-BF84-AE6BC9133553}.Android - Release|Any CPU.ActiveCfg = Android - Release|Any CPU
		{08967B47-5C02-49DA-BF84-AE6BC9133553}.Android - Release|Any CPU.Build.0 = Android - Release|Any CPU
		{08967B47-5C02-49DA-BF84-AE6BC9133553}.PC - Debug|Any CPU.ActiveCfg = PC - Debug|Any CPU
		{08967B47-5C02-49DA-BF84-AE6BC9133553}.PC - Debug|Any CPU.Build.0 = PC - Debug|Any CPU
		{08967B47-5C02-49DA-BF84-AE6BC9133553}.PC - Release|Any CPU.ActiveCfg = PC - Release|Any CPU
		{08967B47-5C02-49DA-BF84-AE6BC9133553}.PC - Release|Any CPU.Build.0 = PC - Release|Any CPU
		{C5375794-B74A-4503-BFD6-4DE03AE48557}.Android - Debug|Any CPU.ActiveCfg = Debug|Any CPU
		{C5375794-B74A-4503-BFD6-4DE03AE48557}.Android - Debug|Any CPU.Build.0 = Debug|Any CPU
		{C5375794-B74A-4503-BFD6-4DE03AE48557}.Android - Debug|Any CPU.Deploy.0 = Debug|Any CPU
		{C5375794-B74A-4503-BFD6-4DE03AE48557}.Android - Release|Any CPU.ActiveCfg = Release|Any CPU
		{C5375794-B74A-4503-BFD6-4DE03AE48557}.Android - Release|Any CPU.Build.0 = Release|Any CPU
		{C5375794-B74A-4503-BFD6-4DE03AE48557}.Android - Release|Any CPU.Deploy.0 = Release|Any CPU
		{C5375794-B74A-4503-BFD6-4DE03AE48557}.PC - Debug|Any CPU.ActiveCfg = Debug|Any CPU
		{C5375794-B74A-4503-BFD6-4DE03AE48557}.PC - Release|Any CPU.ActiveCfg = Release|Any CPU
		{AA03EF1A-94F7-4D30-AB14-2092863FF923}.Android - Debug|Any CPU.ActiveCfg = Debug|Any CPU
		{AA03EF1A-94F7-4D30-AB14-2092863FF923}.Android - Debug|Any CPU.Build.0 = Debug|Any CPU
		{AA03EF1A-94F7-4D30-AB14-2092863FF923}.Android - Release|Any CPU.ActiveCfg = Debug|Any CPU
		{AA03EF1A-94F7-4D30-AB14-2092863FF923}.Android - Release|Any CPU.Build.0 = Debug|Any CPU
		{AA03EF1A-94F7-4D30-AB14-2092863FF923}.PC - Debug|Any CPU.ActiveCfg = Debug|Any CPU
		{AA03EF1A-94F7-4D30-AB14-2092863FF923}.PC - Debug|Any CPU.Build.0 = Debug|Any CPU
		{AA03EF1A-94F7-4D30-AB14-2092863FF923}.PC - Release|Any CPU.ActiveCfg = Debug|Any CPU
		{AA03EF1A-94F7-4D30-AB14-2092863FF923}.PC - Release|Any CPU.Build.0 = Debug|Any CPU
	EndGlobalSection
	GlobalSection(SolutionProperties) = preSolution
		HideSolutionNode = FALSE
	EndGlobalSection
	GlobalSection(MonoDevelopProperties) = preSolution
		StartupItem = PCBootstrap\PCBootstrap.csproj
		Policies = $0
		$0.TextStylePolicy = $6
		$1.inheritsSet = null
		$1.scope = text/x-csharp
		$0.CSharpFormattingPolicy = $2
		$2.IndentSwitchBody = True
		$2.NamespaceBraceStyle = EndOfLine
		$2.ClassBraceStyle = EndOfLine
		$2.InterfaceBraceStyle = EndOfLine
		$2.StructBraceStyle = EndOfLine
		$2.EnumBraceStyle = EndOfLine
		$2.MethodBraceStyle = EndOfLine
		$2.ConstructorBraceStyle = EndOfLine
		$2.DestructorBraceStyle = EndOfLine
		$2.BeforeMethodDeclarationParentheses = False
		$2.BeforeMethodCallParentheses = False
		$2.BeforeConstructorDeclarationParentheses = False
		$2.BeforeIndexerDeclarationBracket = False
		$2.BeforeDelegateDeclarationParentheses = False
		$2.AfterDelegateDeclarationParameterComma = True
		$2.NewParentheses = False
		$2.SpacesBeforeBrackets = False
		$2.inheritsSet = Mono
		$2.inheritsScope = text/x-csharp
		$2.scope = text/x-csharp
		$3.FileWidth = 120
		$3.TabWidth = 4
		$3.NoTabsAfterNonTabs = True
		$3.RemoveTrailingWhitespace = True
		$3.EolMarker = Windows
		$3.inheritsSet = Mono
		$3.inheritsScope = text/plain
		$3.scope = text/plain
		$4.inheritsSet = null
		$4.scope = application/config+xml
		$0.XmlFormattingPolicy = $7
		$5.inheritsSet = null
		$5.scope = application/config+xml
		$6.inheritsSet = null
		$6.scope = application/xml
		$7.inheritsSet = Mono
		$7.inheritsScope = application/xml
		$7.scope = application/xml
		$0.StandardHeader = $8
		$8.Text = 
		$8.IncludeInNewFiles = True
		$0.DotNetNamingPolicy = $9
		$9.DirectoryNamespaceAssociation = None
		$9.ResourceNamePolicy = FileFormatDefault
	EndGlobalSection
EndGlobal
